
Microsoft Visual Studio Solution File, Format Version 12.00
# Visual Studio Version 17
VisualStudioVersion = 17.0.31903.59
MinimumVisualStudioVersion = 10.0.40219.1
Project("{2150E333-8FDC-42A3-9474-1A3956D46DE8}") = "src", "src", "{A6BBC3E0-0824-402D-9EAA-22DD7ED3517E}"
EndProject
Project("{F2A71F9B-5D33-465A-A702-920D77279786}") = "Library", "src\Library\Library.fsproj", "{169B0BD7-01EB-4389-A04C-EBA2EEF361B0}"
EndProject
Global
	GlobalSection(SolutionConfigurationPlatforms) = preSolution
		Debug|Any CPU = Debug|Any CPU
		Release|Any CPU = Release|Any CPU
	EndGlobalSection
	GlobalSection(SolutionProperties) = preSolution
		HideSolutionNode = FALSE
	EndGlobalSection
	GlobalSection(ProjectConfigurationPlatforms) = postSolution
		{169B0BD7-01EB-4389-A04C-EBA2EEF361B0}.Debug|Any CPU.ActiveCfg = Debug|Any CPU
		{169B0BD7-01EB-4389-A04C-EBA2EEF361B0}.Debug|Any CPU.Build.0 = Debug|Any CPU
		{169B0BD7-01EB-4389-A04C-EBA2EEF361B0}.Release|Any CPU.ActiveCfg = Release|Any CPU
		{169B0BD7-01EB-4389-A04C-EBA2EEF361B0}.Release|Any CPU.Build.0 = Release|Any CPU
	EndGlobalSection
	GlobalSection(NestedProjects) = preSolution
		{169B0BD7-01EB-4389-A04C-EBA2EEF361B0} = {A6BBC3E0-0824-402D-9EAA-22DD7ED3517E}
	EndGlobalSection
EndGlobal
